
Microsoft Visual Studio Solution File, Format Version 12.00
# Visual Studio 15
VisualStudioVersion = 15.0.26228.4
MinimumVisualStudioVersion = 10.0.40219.1
Project("{FAE04EC0-301F-11D3-BF4B-00C04F79EFBC}") = "BezvizSystem.DAL", "BezvizSystem.DAL\BezvizSystem.DAL.csproj", "{C01E9E88-181D-4A27-9741-D82C26A29CDA}"
EndProject
Project("{FAE04EC0-301F-11D3-BF4B-00C04F79EFBC}") = "BezvizSystem.DAL.Tests", "BezvizSystem.DAL.Tests\BezvizSystem.DAL.Tests.csproj", "{40D34436-2474-4B28-9990-AE10B3B8E766}"
EndProject
Project("{FAE04EC0-301F-11D3-BF4B-00C04F79EFBC}") = "BezvizSystem.BLL", "BezvizSystem.BLL\BezvizSystem.BLL.csproj", "{467BE8D4-6E9D-442A-8371-FF690E18D74F}"
EndProject
Project("{FAE04EC0-301F-11D3-BF4B-00C04F79EFBC}") = "BezvizSystem.BLL.Tests", "BezvizSystem.BLL.Tests\BezvizSystem.BLL.Tests.csproj", "{F57A1392-9ED2-4803-BD2F-2FA28EB14A2C}"
EndProject
Project("{FAE04EC0-301F-11D3-BF4B-00C04F79EFBC}") = "BezvizSystem.Web", "BezvizSystem.Web\BezvizSystem.Web.csproj", "{5738CA45-7C51-44B6-955B-C3F3BAB4D029}"
EndProject
Project("{FAE04EC0-301F-11D3-BF4B-00C04F79EFBC}") = "BezvizSystem.Pogranec.Web", "BezvizSystem.Pogranec.Web\BezvizSystem.Pogranec.Web.csproj", "{5F2E2224-2E53-4AED-B77F-361BB849FF17}"
EndProject
Global
	GlobalSection(SolutionConfigurationPlatforms) = preSolution
		Debug|Any CPU = Debug|Any CPU
		Release|Any CPU = Release|Any CPU
	EndGlobalSection
	GlobalSection(ProjectConfigurationPlatforms) = postSolution
		{C01E9E88-181D-4A27-9741-D82C26A29CDA}.Debug|Any CPU.ActiveCfg = Debug|Any CPU
		{C01E9E88-181D-4A27-9741-D82C26A29CDA}.Debug|Any CPU.Build.0 = Debug|Any CPU
		{C01E9E88-181D-4A27-9741-D82C26A29CDA}.Release|Any CPU.ActiveCfg = Release|Any CPU
		{C01E9E88-181D-4A27-9741-D82C26A29CDA}.Release|Any CPU.Build.0 = Release|Any CPU
		{40D34436-2474-4B28-9990-AE10B3B8E766}.Debug|Any CPU.ActiveCfg = Debug|Any CPU
		{40D34436-2474-4B28-9990-AE10B3B8E766}.Debug|Any CPU.Build.0 = Debug|Any CPU
		{40D34436-2474-4B28-9990-AE10B3B8E766}.Release|Any CPU.ActiveCfg = Release|Any CPU
		{40D34436-2474-4B28-9990-AE10B3B8E766}.Release|Any CPU.Build.0 = Release|Any CPU
		{467BE8D4-6E9D-442A-8371-FF690E18D74F}.Debug|Any CPU.ActiveCfg = Debug|Any CPU
		{467BE8D4-6E9D-442A-8371-FF690E18D74F}.Debug|Any CPU.Build.0 = Debug|Any CPU
		{467BE8D4-6E9D-442A-8371-FF690E18D74F}.Release|Any CPU.ActiveCfg = Release|Any CPU
		{467BE8D4-6E9D-442A-8371-FF690E18D74F}.Release|Any CPU.Build.0 = Release|Any CPU
		{F57A1392-9ED2-4803-BD2F-2FA28EB14A2C}.Debug|Any CPU.ActiveCfg = Debug|Any CPU
		{F57A1392-9ED2-4803-BD2F-2FA28EB14A2C}.Debug|Any CPU.Build.0 = Debug|Any CPU
		{F57A1392-9ED2-4803-BD2F-2FA28EB14A2C}.Release|Any CPU.ActiveCfg = Release|Any CPU
		{F57A1392-9ED2-4803-BD2F-2FA28EB14A2C}.Release|Any CPU.Build.0 = Release|Any CPU
		{5738CA45-7C51-44B6-955B-C3F3BAB4D029}.Debug|Any CPU.ActiveCfg = Debug|Any CPU
		{5738CA45-7C51-44B6-955B-C3F3BAB4D029}.Debug|Any CPU.Build.0 = Debug|Any CPU
		{5738CA45-7C51-44B6-955B-C3F3BAB4D029}.Release|Any CPU.ActiveCfg = Release|Any CPU
		{5738CA45-7C51-44B6-955B-C3F3BAB4D029}.Release|Any CPU.Build.0 = Release|Any CPU
		{5F2E2224-2E53-4AED-B77F-361BB849FF17}.Debug|Any CPU.ActiveCfg = Debug|Any CPU
		{5F2E2224-2E53-4AED-B77F-361BB849FF17}.Debug|Any CPU.Build.0 = Debug|Any CPU
		{5F2E2224-2E53-4AED-B77F-361BB849FF17}.Release|Any CPU.ActiveCfg = Release|Any CPU
		{5F2E2224-2E53-4AED-B77F-361BB849FF17}.Release|Any CPU.Build.0 = Release|Any CPU
	EndGlobalSection
	GlobalSection(SolutionProperties) = preSolution
		HideSolutionNode = FALSE
	EndGlobalSection
	GlobalSection(ExtensibilityGlobals) = postSolution
		SolutionGuid = {D0B5D3D3-1814-4FA6-8040-7A74611E0FAC}
	EndGlobalSection
EndGlobal
